// !$*UTF8*$!
{
	archiveVersion = 1;
	classes = {
	};
	objectVersion = 50;
	objects = {

/* Begin PBXBuildFile section */
		6502EE8124A5C6AB004F78A9 /* AppDelegate.swift in Sources */ = {isa = PBXBuildFile; fileRef = 6502EE8024A5C6AB004F78A9 /* AppDelegate.swift */; };
		6502EE8324A5C6AC004F78A9 /* SceneDelegate.swift in Sources */ = {isa = PBXBuildFile; fileRef = 6502EE8224A5C6AB004F78A9 /* SceneDelegate.swift */; };
		6502EE8824A5C6AC004F78A9 /* ContentView.swift in Sources */ = {isa = PBXBuildFile; fileRef = 6502EE8724A5C6AC004F78A9 /* ContentView.swift */; };
		6502EE8A24A5C6AE004F78A9 /* Assets.xcassets in Resources */ = {isa = PBXBuildFile; fileRef = 6502EE8924A5C6AE004F78A9 /* Assets.xcassets */; };
		6502EE8D24A5C6AF004F78A9 /* Preview Assets.xcassets in Resources */ = {isa = PBXBuildFile; fileRef = 6502EE8C24A5C6AF004F78A9 /* Preview Assets.xcassets */; };
		6502EE9024A5C6AF004F78A9 /* LaunchScreen.storyboard in Resources */ = {isa = PBXBuildFile; fileRef = 6502EE8E24A5C6AF004F78A9 /* LaunchScreen.storyboard */; };
		651F587824E3F049004B83E7 /* Settings.swift in Sources */ = {isa = PBXBuildFile; fileRef = 651F587724E3F049004B83E7 /* Settings.swift */; };
		6562348024E90A2700D6CD5B /* LocationManager.swift in Sources */ = {isa = PBXBuildFile; fileRef = 6562347F24E90A2700D6CD5B /* LocationManager.swift */; };
		65BF754824E4F1E8003012D4 /* API.swift in Sources */ = {isa = PBXBuildFile; fileRef = 65BF754724E4F1E8003012D4 /* API.swift */; };
		65BF754B24E4F34E003012D4 /* Weather.swift in Sources */ = {isa = PBXBuildFile; fileRef = 65BF754A24E4F34E003012D4 /* Weather.swift */; };
		65BF754D24E4FEE3003012D4 /* WeatherModel.swift in Sources */ = {isa = PBXBuildFile; fileRef = 65BF754C24E4FEE3003012D4 /* WeatherModel.swift */; };
		65BF754F24E504F0003012D4 /* MapJSON.swift in Sources */ = {isa = PBXBuildFile; fileRef = 65BF754E24E504EF003012D4 /* MapJSON.swift */; };
		65BF755124E5192F003012D4 /* CurrentWeather.swift in Sources */ = {isa = PBXBuildFile; fileRef = 65BF755024E5192F003012D4 /* CurrentWeather.swift */; };
/* End PBXBuildFile section */

/* Begin PBXCopyFilesBuildPhase section */
		65B561BB24E547DD00B3D3D1 /* Embed App Extensions */ = {
			isa = PBXCopyFilesBuildPhase;
			buildActionMask = 2147483647;
			dstPath = "";
			dstSubfolderSpec = 13;
			files = (
			);
			name = "Embed App Extensions";
			runOnlyForDeploymentPostprocessing = 0;
		};
/* End PBXCopyFilesBuildPhase section */

/* Begin PBXFileReference section */
		6502EE7D24A5C6AB004F78A9 /* WeatherApp.app */ = {isa = PBXFileReference; explicitFileType = wrapper.application; includeInIndex = 0; path = WeatherApp.app; sourceTree = BUILT_PRODUCTS_DIR; };
		6502EE8024A5C6AB004F78A9 /* AppDelegate.swift */ = {isa = PBXFileReference; lastKnownFileType = sourcecode.swift; path = AppDelegate.swift; sourceTree = "<group>"; };
		6502EE8224A5C6AB004F78A9 /* SceneDelegate.swift */ = {isa = PBXFileReference; lastKnownFileType = sourcecode.swift; path = SceneDelegate.swift; sourceTree = "<group>"; };
		6502EE8724A5C6AC004F78A9 /* ContentView.swift */ = {isa = PBXFileReference; lastKnownFileType = sourcecode.swift; path = ContentView.swift; sourceTree = "<group>"; };
		6502EE8924A5C6AE004F78A9 /* Assets.xcassets */ = {isa = PBXFileReference; lastKnownFileType = folder.assetcatalog; path = Assets.xcassets; sourceTree = "<group>"; };
		6502EE8C24A5C6AF004F78A9 /* Preview Assets.xcassets */ = {isa = PBXFileReference; lastKnownFileType = folder.assetcatalog; path = "Preview Assets.xcassets"; sourceTree = "<group>"; };
		6502EE8F24A5C6AF004F78A9 /* Base */ = {isa = PBXFileReference; lastKnownFileType = file.storyboard; name = Base; path = Base.lproj/LaunchScreen.storyboard; sourceTree = "<group>"; };
		6502EE9124A5C6AF004F78A9 /* Info.plist */ = {isa = PBXFileReference; lastKnownFileType = text.plist.xml; path = Info.plist; sourceTree = "<group>"; };
		651F587724E3F049004B83E7 /* Settings.swift */ = {isa = PBXFileReference; lastKnownFileType = sourcecode.swift; path = Settings.swift; sourceTree = "<group>"; };
		6562347F24E90A2700D6CD5B /* LocationManager.swift */ = {isa = PBXFileReference; lastKnownFileType = sourcecode.swift; path = LocationManager.swift; sourceTree = "<group>"; };
		65B561AB24E547DA00B3D3D1 /* WidgetKit.framework */ = {isa = PBXFileReference; lastKnownFileType = wrapper.framework; name = WidgetKit.framework; path = System/Library/Frameworks/WidgetKit.framework; sourceTree = SDKROOT; };
		65B561AD24E547DA00B3D3D1 /* SwiftUI.framework */ = {isa = PBXFileReference; lastKnownFileType = wrapper.framework; name = SwiftUI.framework; path = System/Library/Frameworks/SwiftUI.framework; sourceTree = SDKROOT; };
		65BF754724E4F1E8003012D4 /* API.swift */ = {isa = PBXFileReference; lastKnownFileType = sourcecode.swift; name = API.swift; path = ../../../../../../Users/utkut/Documents/API.swift; sourceTree = "<group>"; };
		65BF754A24E4F34E003012D4 /* Weather.swift */ = {isa = PBXFileReference; lastKnownFileType = sourcecode.swift; path = Weather.swift; sourceTree = "<group>"; };
		65BF754C24E4FEE3003012D4 /* WeatherModel.swift */ = {isa = PBXFileReference; lastKnownFileType = sourcecode.swift; path = WeatherModel.swift; sourceTree = "<group>"; };
		65BF754E24E504EF003012D4 /* MapJSON.swift */ = {isa = PBXFileReference; lastKnownFileType = sourcecode.swift; path = MapJSON.swift; sourceTree = "<group>"; };
		65BF755024E5192F003012D4 /* CurrentWeather.swift */ = {isa = PBXFileReference; lastKnownFileType = sourcecode.swift; path = CurrentWeather.swift; sourceTree = "<group>"; };
/* End PBXFileReference section */

/* Begin PBXFrameworksBuildPhase section */
		6502EE7A24A5C6AB004F78A9 /* Frameworks */ = {
			isa = PBXFrameworksBuildPhase;
			buildActionMask = 2147483647;
			files = (
			);
			runOnlyForDeploymentPostprocessing = 0;
		};
/* End PBXFrameworksBuildPhase section */

/* Begin PBXGroup section */
		6502EE7424A5C6AA004F78A9 = {
			isa = PBXGroup;
			children = (
				6502EE7F24A5C6AB004F78A9 /* WeatherApp */,
				65B561AA24E547DA00B3D3D1 /* Frameworks */,
				6502EE7E24A5C6AB004F78A9 /* Products */,
			);
			sourceTree = "<group>";
		};
		6502EE7E24A5C6AB004F78A9 /* Products */ = {
			isa = PBXGroup;
			children = (
				6502EE7D24A5C6AB004F78A9 /* WeatherApp.app */,
			);
			name = Products;
			sourceTree = "<group>";
		};
		6502EE7F24A5C6AB004F78A9 /* WeatherApp */ = {
			isa = PBXGroup;
			children = (
				65BF754624E4F1CF003012D4 /* Model */,
				651F587924E3F6EB004B83E7 /* Views */,
				6502EE8024A5C6AB004F78A9 /* AppDelegate.swift */,
				6502EE8224A5C6AB004F78A9 /* SceneDelegate.swift */,
				6502EE8924A5C6AE004F78A9 /* Assets.xcassets */,
				6502EE8E24A5C6AF004F78A9 /* LaunchScreen.storyboard */,
				6502EE9124A5C6AF004F78A9 /* Info.plist */,
				6502EE8B24A5C6AF004F78A9 /* Preview Content */,
			);
			path = WeatherApp;
			sourceTree = "<group>";
		};
		6502EE8B24A5C6AF004F78A9 /* Preview Content */ = {
			isa = PBXGroup;
			children = (
				6502EE8C24A5C6AF004F78A9 /* Preview Assets.xcassets */,
			);
			path = "Preview Content";
			sourceTree = "<group>";
		};
		651F587924E3F6EB004B83E7 /* Views */ = {
			isa = PBXGroup;
			children = (
				651F587724E3F049004B83E7 /* Settings.swift */,
				6502EE8724A5C6AC004F78A9 /* ContentView.swift */,
				65BF755024E5192F003012D4 /* CurrentWeather.swift */,
			);
			path = Views;
			sourceTree = "<group>";
		};
		65B561AA24E547DA00B3D3D1 /* Frameworks */ = {
			isa = PBXGroup;
			children = (
				65B561AB24E547DA00B3D3D1 /* WidgetKit.framework */,
				65B561AD24E547DA00B3D3D1 /* SwiftUI.framework */,
			);
			name = Frameworks;
			sourceTree = "<group>";
		};
		65BF754624E4F1CF003012D4 /* Model */ = {
			isa = PBXGroup;
			children = (
				65BF754924E4F330003012D4 /* JSONResponse */,
				6562347F24E90A2700D6CD5B /* LocationManager.swift */,
				65BF754724E4F1E8003012D4 /* API.swift */,
				65BF754C24E4FEE3003012D4 /* WeatherModel.swift */,
			);
			path = Model;
			sourceTree = "<group>";
		};
		65BF754924E4F330003012D4 /* JSONResponse */ = {
			isa = PBXGroup;
			children = (
				65BF754A24E4F34E003012D4 /* Weather.swift */,
				65BF754E24E504EF003012D4 /* MapJSON.swift */,
			);
			path = JSONResponse;
			sourceTree = "<group>";
		};
/* End PBXGroup section */

/* Begin PBXNativeTarget section */
		6502EE7C24A5C6AB004F78A9 /* WeatherApp */ = {
			isa = PBXNativeTarget;
			buildConfigurationList = 6502EE9424A5C6B0004F78A9 /* Build configuration list for PBXNativeTarget "WeatherApp" */;
			buildPhases = (
				6502EE7924A5C6AB004F78A9 /* Sources */,
				6502EE7A24A5C6AB004F78A9 /* Frameworks */,
				6502EE7B24A5C6AB004F78A9 /* Resources */,
				65B561BB24E547DD00B3D3D1 /* Embed App Extensions */,
			);
			buildRules = (
			);
			dependencies = (
			);
			name = WeatherApp;
			productName = SwiftUIDemo;
			productReference = 6502EE7D24A5C6AB004F78A9 /* WeatherApp.app */;
			productType = "com.apple.product-type.application";
		};
/* End PBXNativeTarget section */

/* Begin PBXProject section */
		6502EE7524A5C6AA004F78A9 /* Project object */ = {
			isa = PBXProject;
			attributes = {
				LastSwiftUpdateCheck = 1200;
				LastUpgradeCheck = 1200;
				ORGANIZATIONNAME = "Utku Tarhan";
				TargetAttributes = {
					6502EE7C24A5C6AB004F78A9 = {
						CreatedOnToolsVersion = 11.5;
					};
				};
			};
			buildConfigurationList = 6502EE7824A5C6AA004F78A9 /* Build configuration list for PBXProject "WeatherApp" */;
			compatibilityVersion = "Xcode 9.3";
			developmentRegion = en;
			hasScannedForEncodings = 0;
			knownRegions = (
				en,
				Base,
			);
			mainGroup = 6502EE7424A5C6AA004F78A9;
			productRefGroup = 6502EE7E24A5C6AB004F78A9 /* Products */;
			projectDirPath = "";
			projectRoot = "";
			targets = (
				6502EE7C24A5C6AB004F78A9 /* WeatherApp */,
			);
		};
/* End PBXProject section */

/* Begin PBXResourcesBuildPhase section */
		6502EE7B24A5C6AB004F78A9 /* Resources */ = {
			isa = PBXResourcesBuildPhase;
			buildActionMask = 2147483647;
			files = (
				6502EE9024A5C6AF004F78A9 /* LaunchScreen.storyboard in Resources */,
				6502EE8D24A5C6AF004F78A9 /* Preview Assets.xcassets in Resources */,
				6502EE8A24A5C6AE004F78A9 /* Assets.xcassets in Resources */,
			);
			runOnlyForDeploymentPostprocessing = 0;
		};
/* End PBXResourcesBuildPhase section */

/* Begin PBXSourcesBuildPhase section */
		6502EE7924A5C6AB004F78A9 /* Sources */ = {
			isa = PBXSourcesBuildPhase;
			buildActionMask = 2147483647;
			files = (
				65BF754F24E504F0003012D4 /* MapJSON.swift in Sources */,
				6502EE8124A5C6AB004F78A9 /* AppDelegate.swift in Sources */,
				6562348024E90A2700D6CD5B /* LocationManager.swift in Sources */,
				6502EE8824A5C6AC004F78A9 /* ContentView.swift in Sources */,
				6502EE8324A5C6AC004F78A9 /* SceneDelegate.swift in Sources */,
				65BF755124E5192F003012D4 /* CurrentWeather.swift in Sources */,
				65BF754D24E4FEE3003012D4 /* WeatherModel.swift in Sources */,
				651F587824E3F049004B83E7 /* Settings.swift in Sources */,
				65BF754B24E4F34E003012D4 /* Weather.swift in Sources */,
				65BF754824E4F1E8003012D4 /* API.swift in Sources */,
			);
			runOnlyForDeploymentPostprocessing = 0;
		};
/* End PBXSourcesBuildPhase section */

/* Begin PBXVariantGroup section */
		6502EE8E24A5C6AF004F78A9 /* LaunchScreen.storyboard */ = {
			isa = PBXVariantGroup;
			children = (
				6502EE8F24A5C6AF004F78A9 /* Base */,
			);
			name = LaunchScreen.storyboard;
			sourceTree = "<group>";
		};
/* End PBXVariantGroup section */

/* Begin XCBuildConfiguration section */
		6502EE9224A5C6B0004F78A9 /* Debug */ = {
			isa = XCBuildConfiguration;
			buildSettings = {
				ALWAYS_SEARCH_USER_PATHS = NO;
				CLANG_ANALYZER_NONNULL = YES;
				CLANG_ANALYZER_NUMBER_OBJECT_CONVERSION = YES_AGGRESSIVE;
				CLANG_CXX_LANGUAGE_STANDARD = "gnu++14";
				CLANG_CXX_LIBRARY = "libc++";
				CLANG_ENABLE_MODULES = YES;
				CLANG_ENABLE_OBJC_ARC = YES;
				CLANG_ENABLE_OBJC_WEAK = YES;
				CLANG_WARN_BLOCK_CAPTURE_AUTORELEASING = YES;
				CLANG_WARN_BOOL_CONVERSION = YES;
				CLANG_WARN_COMMA = YES;
				CLANG_WARN_CONSTANT_CONVERSION = YES;
				CLANG_WARN_DEPRECATED_OBJC_IMPLEMENTATIONS = YES;
				CLANG_WARN_DIRECT_OBJC_ISA_USAGE = YES_ERROR;
				CLANG_WARN_DOCUMENTATION_COMMENTS = YES;
				CLANG_WARN_EMPTY_BODY = YES;
				CLANG_WARN_ENUM_CONVERSION = YES;
				CLANG_WARN_INFINITE_RECURSION = YES;
				CLANG_WARN_INT_CONVERSION = YES;
				CLANG_WARN_NON_LITERAL_NULL_CONVERSION = YES;
				CLANG_WARN_OBJC_IMPLICIT_RETAIN_SELF = YES;
				CLANG_WARN_OBJC_LITERAL_CONVERSION = YES;
				CLANG_WARN_OBJC_ROOT_CLASS = YES_ERROR;
				CLANG_WARN_QUOTED_INCLUDE_IN_FRAMEWORK_HEADER = YES;
				CLANG_WARN_RANGE_LOOP_ANALYSIS = YES;
				CLANG_WARN_STRICT_PROTOTYPES = YES;
				CLANG_WARN_SUSPICIOUS_MOVE = YES;
				CLANG_WARN_UNGUARDED_AVAILABILITY = YES_AGGRESSIVE;
				CLANG_WARN_UNREACHABLE_CODE = YES;
				CLANG_WARN__DUPLICATE_METHOD_MATCH = YES;
				COPY_PHASE_STRIP = NO;
				DEBUG_INFORMATION_FORMAT = dwarf;
				ENABLE_STRICT_OBJC_MSGSEND = YES;
				ENABLE_TESTABILITY = YES;
				GCC_C_LANGUAGE_STANDARD = gnu11;
				GCC_DYNAMIC_NO_PIC = NO;
				GCC_NO_COMMON_BLOCKS = YES;
				GCC_OPTIMIZATION_LEVEL = 0;
				GCC_PREPROCESSOR_DEFINITIONS = (
					"DEBUG=1",
					"$(inherited)",
				);
				GCC_WARN_64_TO_32_BIT_CONVERSION = YES;
				GCC_WARN_ABOUT_RETURN_TYPE = YES_ERROR;
				GCC_WARN_UNDECLARED_SELECTOR = YES;
				GCC_WARN_UNINITIALIZED_AUTOS = YES_AGGRESSIVE;
				GCC_WARN_UNUSED_FUNCTION = YES;
				GCC_WARN_UNUSED_VARIABLE = YES;
				IPHONEOS_DEPLOYMENT_TARGET = 14.0;
				MTL_ENABLE_DEBUG_INFO = INCLUDE_SOURCE;
				MTL_FAST_MATH = YES;
				ONLY_ACTIVE_ARCH = YES;
				SDKROOT = iphoneos;
				SWIFT_ACTIVE_COMPILATION_CONDITIONS = DEBUG;
				SWIFT_OPTIMIZATION_LEVEL = "-Onone";
			};
			name = Debug;
		};
		6502EE9324A5C6B0004F78A9 /* Release */ = {
			isa = XCBuildConfiguration;
			buildSettings = {
				ALWAYS_SEARCH_USER_PATHS = NO;
				CLANG_ANALYZER_NONNULL = YES;
				CLANG_ANALYZER_NUMBER_OBJECT_CONVERSION = YES_AGGRESSIVE;
				CLANG_CXX_LANGUAGE_STANDARD = "gnu++14";
				CLANG_CXX_LIBRARY = "libc++";
				CLANG_ENABLE_MODULES = YES;
				CLANG_ENABLE_OBJC_ARC = YES;
				CLANG_ENABLE_OBJC_WEAK = YES;
				CLANG_WARN_BLOCK_CAPTURE_AUTORELEASING = YES;
				CLANG_WARN_BOOL_CONVERSION = YES;
				CLANG_WARN_COMMA = YES;
				CLANG_WARN_CONSTANT_CONVERSION = YES;
				CLANG_WARN_DEPRECATED_OBJC_IMPLEMENTATIONS = YES;
				CLANG_WARN_DIRECT_OBJC_ISA_USAGE = YES_ERROR;
				CLANG_WARN_DOCUMENTATION_COMMENTS = YES;
				CLANG_WARN_EMPTY_BODY = YES;
				CLANG_WARN_ENUM_CONVERSION = YES;
				CLANG_WARN_INFINITE_RECURSION = YES;
				CLANG_WARN_INT_CONVERSION = YES;
				CLANG_WARN_NON_LITERAL_NULL_CONVERSION = YES;
				CLANG_WARN_OBJC_IMPLICIT_RETAIN_SELF = YES;
				CLANG_WARN_OBJC_LITERAL_CONVERSION = YES;
				CLANG_WARN_OBJC_ROOT_CLASS = YES_ERROR;
				CLANG_WARN_QUOTED_INCLUDE_IN_FRAMEWORK_HEADER = YES;
				CLANG_WARN_RANGE_LOOP_ANALYSIS = YES;
				CLANG_WARN_STRICT_PROTOTYPES = YES;
				CLANG_WARN_SUSPICIOUS_MOVE = YES;
				CLANG_WARN_UNGUARDED_AVAILABILITY = YES_AGGRESSIVE;
				CLANG_WARN_UNREACHABLE_CODE = YES;
				CLANG_WARN__DUPLICATE_METHOD_MATCH = YES;
				COPY_PHASE_STRIP = NO;
				DEBUG_INFORMATION_FORMAT = "dwarf-with-dsym";
				ENABLE_NS_ASSERTIONS = NO;
				ENABLE_STRICT_OBJC_MSGSEND = YES;
				GCC_C_LANGUAGE_STANDARD = gnu11;
				GCC_NO_COMMON_BLOCKS = YES;
				GCC_WARN_64_TO_32_BIT_CONVERSION = YES;
				GCC_WARN_ABOUT_RETURN_TYPE = YES_ERROR;
				GCC_WARN_UNDECLARED_SELECTOR = YES;
				GCC_WARN_UNINITIALIZED_AUTOS = YES_AGGRESSIVE;
				GCC_WARN_UNUSED_FUNCTION = YES;
				GCC_WARN_UNUSED_VARIABLE = YES;
				IPHONEOS_DEPLOYMENT_TARGET = 14.0;
				MTL_ENABLE_DEBUG_INFO = NO;
				MTL_FAST_MATH = YES;
				SDKROOT = iphoneos;
				SWIFT_COMPILATION_MODE = wholemodule;
				SWIFT_OPTIMIZATION_LEVEL = "-O";
				VALIDATE_PRODUCT = YES;
			};
			name = Release;
		};
		6502EE9524A5C6B0004F78A9 /* Debug */ = {
			isa = XCBuildConfiguration;
			buildSettings = {
				ALWAYS_EMBED_SWIFT_STANDARD_LIBRARIES = YES;
				ASSETCATALOG_COMPILER_APPICON_NAME = AppIcon;
				CODE_SIGN_STYLE = Automatic;
				DEVELOPMENT_ASSET_PATHS = "\"WeatherApp/Preview Content\"";
				DEVELOPMENT_TEAM = Z69FXP23VB;
				ENABLE_PREVIEWS = YES;
				INFOPLIST_FILE = WeatherApp/Info.plist;
				IPHONEOS_DEPLOYMENT_TARGET = 14.0;
				LD_RUNPATH_SEARCH_PATHS = (
					"$(inherited)",
					"@executable_path/Frameworks",
				);
				MARKETING_VERSION = 1.1;
				PRODUCT_BUNDLE_IDENTIFIER = com.utkutarhan.WeatherApp;
				PRODUCT_NAME = "$(TARGET_NAME)";
				SWIFT_VERSION = 5.0;
				TARGETED_DEVICE_FAMILY = "1,2";
			};
			name = Debug;
		};
		6502EE9624A5C6B0004F78A9 /* Release */ = {
			isa = XCBuildConfiguration;
			buildSettings = {
				ALWAYS_EMBED_SWIFT_STANDARD_LIBRARIES = YES;
				ASSETCATALOG_COMPILER_APPICON_NAME = AppIcon;
				CODE_SIGN_STYLE = Automatic;
				DEVELOPMENT_ASSET_PATHS = "\"WeatherApp/Preview Content\"";
				DEVELOPMENT_TEAM = Z69FXP23VB;
				ENABLE_PREVIEWS = YES;
				INFOPLIST_FILE = WeatherApp/Info.plist;
				IPHONEOS_DEPLOYMENT_TARGET = 14.0;
				LD_RUNPATH_SEARCH_PATHS = (
					"$(inherited)",
					"@executable_path/Frameworks",
				);
				MARKETING_VERSION = 1.1;
				PRODUCT_BUNDLE_IDENTIFIER = com.utkutarhan.WeatherApp;
				PRODUCT_NAME = "$(TARGET_NAME)";
				SWIFT_VERSION = 5.0;
				TARGETED_DEVICE_FAMILY = "1,2";
			};
			name = Release;
		};
/* End XCBuildConfiguration section */

/* Begin XCConfigurationList section */
		6502EE7824A5C6AA004F78A9 /* Build configuration list for PBXProject "WeatherApp" */ = {
			isa = XCConfigurationList;
			buildConfigurations = (
				6502EE9224A5C6B0004F78A9 /* Debug */,
				6502EE9324A5C6B0004F78A9 /* Release */,
			);
			defaultConfigurationIsVisible = 0;
			defaultConfigurationName = Release;
		};
		6502EE9424A5C6B0004F78A9 /* Build configuration list for PBXNativeTarget "WeatherApp" */ = {
			isa = XCConfigurationList;
			buildConfigurations = (
				6502EE9524A5C6B0004F78A9 /* Debug */,
				6502EE9624A5C6B0004F78A9 /* Release */,
			);
			defaultConfigurationIsVisible = 0;
			defaultConfigurationName = Release;
		};
/* End XCConfigurationList section */
	};
	rootObject = 6502EE7524A5C6AA004F78A9 /* Project object */;
}
